
Microsoft Visual Studio Solution File, Format Version 12.00
# Visual Studio Version 17
VisualStudioVersion = 17.9.34728.123
MinimumVisualStudioVersion = 10.0.40219.1
Project("{2150E333-8FDC-42A3-9474-1A3956D46DE8}") = "src", "src", "{4F0592DF-1AA7-4E82-8317-D395DF447436}"
EndProject
Project("{2150E333-8FDC-42A3-9474-1A3956D46DE8}") = "tests", "tests", "{F5BEA94C-74B5-4355-8EDD-2EFB4D26BAE0}"
EndProject
Project("{9A19103F-16F7-4668-BE54-9A1E7A4F7556}") = "BookingService.Booking.Api.Contracts", "src\BookingService.Booking.Api.Contracts\BookingService.Booking.Api.Contracts.csproj", "{843F58A9-7C03-4A91-9653-870CA20DED03}"
EndProject
Project("{9A19103F-16F7-4668-BE54-9A1E7A4F7556}") = "BookingService.Booking.Application", "src\BookingService.Booking.Application\BookingService.Booking.Application.csproj", "{49C4EEB5-DB84-4704-8ACB-A624264A8C3D}"
EndProject
Project("{9A19103F-16F7-4668-BE54-9A1E7A4F7556}") = "BookingService.Booking.Application.Contracts", "src\BookingService.Booking.Application.Contracts\BookingService.Booking.Application.Contracts.csproj", "{94E36DE7-24D3-4062-8158-CE7201C1B47F}"
	ProjectSection(ProjectDependencies) = postProject
		{C095F573-78D8-4CD5-B6D2-224C2A1DB8AD} = {C095F573-78D8-4CD5-B6D2-224C2A1DB8AD}
	EndProjectSection
EndProject
Project("{9A19103F-16F7-4668-BE54-9A1E7A4F7556}") = "BookingService.Booking.Domain", "src\BookingService.Booking.Domain\BookingService.Booking.Domain.csproj", "{D0BFED4B-74B3-4188-8B97-60FB5760F825}"
EndProject
Project("{9A19103F-16F7-4668-BE54-9A1E7A4F7556}") = "BookingService.Booking.Domain.Contracts", "src\BookingService.Booking.Domain.Contracts\BookingService.Booking.Domain.Contracts.csproj", "{C095F573-78D8-4CD5-B6D2-224C2A1DB8AD}"
EndProject
Project("{9A19103F-16F7-4668-BE54-9A1E7A4F7556}") = "BookingService.Booking.Api", "src\BookingService.Booking.Api\BookingService.Booking.Api.csproj", "{C9EA5841-4739-4942-A5CA-B857C205CCAF}"
EndProject
Global
	GlobalSection(SolutionConfigurationPlatforms) = preSolution
		Debug|Any CPU = Debug|Any CPU
		Release|Any CPU = Release|Any CPU
	EndGlobalSection
	GlobalSection(ProjectConfigurationPlatforms) = postSolution
		{843F58A9-7C03-4A91-9653-870CA20DED03}.Debug|Any CPU.ActiveCfg = Debug|Any CPU
		{843F58A9-7C03-4A91-9653-870CA20DED03}.Debug|Any CPU.Build.0 = Debug|Any CPU
		{843F58A9-7C03-4A91-9653-870CA20DED03}.Release|Any CPU.ActiveCfg = Release|Any CPU
		{843F58A9-7C03-4A91-9653-870CA20DED03}.Release|Any CPU.Build.0 = Release|Any CPU
		{49C4EEB5-DB84-4704-8ACB-A624264A8C3D}.Debug|Any CPU.ActiveCfg = Debug|Any CPU
		{49C4EEB5-DB84-4704-8ACB-A624264A8C3D}.Debug|Any CPU.Build.0 = Debug|Any CPU
		{49C4EEB5-DB84-4704-8ACB-A624264A8C3D}.Release|Any CPU.ActiveCfg = Release|Any CPU
		{49C4EEB5-DB84-4704-8ACB-A624264A8C3D}.Release|Any CPU.Build.0 = Release|Any CPU
		{94E36DE7-24D3-4062-8158-CE7201C1B47F}.Debug|Any CPU.ActiveCfg = Debug|Any CPU
		{94E36DE7-24D3-4062-8158-CE7201C1B47F}.Debug|Any CPU.Build.0 = Debug|Any CPU
		{94E36DE7-24D3-4062-8158-CE7201C1B47F}.Release|Any CPU.ActiveCfg = Release|Any CPU
		{94E36DE7-24D3-4062-8158-CE7201C1B47F}.Release|Any CPU.Build.0 = Release|Any CPU
		{D0BFED4B-74B3-4188-8B97-60FB5760F825}.Debug|Any CPU.ActiveCfg = Debug|Any CPU
		{D0BFED4B-74B3-4188-8B97-60FB5760F825}.Debug|Any CPU.Build.0 = Debug|Any CPU
		{D0BFED4B-74B3-4188-8B97-60FB5760F825}.Release|Any CPU.ActiveCfg = Release|Any CPU
		{D0BFED4B-74B3-4188-8B97-60FB5760F825}.Release|Any CPU.Build.0 = Release|Any CPU
		{C095F573-78D8-4CD5-B6D2-224C2A1DB8AD}.Debug|Any CPU.ActiveCfg = Debug|Any CPU
		{C095F573-78D8-4CD5-B6D2-224C2A1DB8AD}.Debug|Any CPU.Build.0 = Debug|Any CPU
		{C095F573-78D8-4CD5-B6D2-224C2A1DB8AD}.Release|Any CPU.ActiveCfg = Release|Any CPU
		{C095F573-78D8-4CD5-B6D2-224C2A1DB8AD}.Release|Any CPU.Build.0 = Release|Any CPU
		{C9EA5841-4739-4942-A5CA-B857C205CCAF}.Debug|Any CPU.ActiveCfg = Debug|Any CPU
		{C9EA5841-4739-4942-A5CA-B857C205CCAF}.Debug|Any CPU.Build.0 = Debug|Any CPU
		{C9EA5841-4739-4942-A5CA-B857C205CCAF}.Release|Any CPU.ActiveCfg = Release|Any CPU
		{C9EA5841-4739-4942-A5CA-B857C205CCAF}.Release|Any CPU.Build.0 = Release|Any CPU
	EndGlobalSection
	GlobalSection(SolutionProperties) = preSolution
		HideSolutionNode = FALSE
	EndGlobalSection
	GlobalSection(NestedProjects) = preSolution
		{843F58A9-7C03-4A91-9653-870CA20DED03} = {4F0592DF-1AA7-4E82-8317-D395DF447436}
		{49C4EEB5-DB84-4704-8ACB-A624264A8C3D} = {4F0592DF-1AA7-4E82-8317-D395DF447436}
		{94E36DE7-24D3-4062-8158-CE7201C1B47F} = {4F0592DF-1AA7-4E82-8317-D395DF447436}
		{D0BFED4B-74B3-4188-8B97-60FB5760F825} = {4F0592DF-1AA7-4E82-8317-D395DF447436}
		{C095F573-78D8-4CD5-B6D2-224C2A1DB8AD} = {4F0592DF-1AA7-4E82-8317-D395DF447436}
		{C9EA5841-4739-4942-A5CA-B857C205CCAF} = {4F0592DF-1AA7-4E82-8317-D395DF447436}
	EndGlobalSection
	GlobalSection(ExtensibilityGlobals) = postSolution
		SolutionGuid = {52D488B1-715C-409B-94E5-6E425A00CCA0}
	EndGlobalSection
EndGlobal
